
Microsoft Visual Studio Solution File, Format Version 12.00
# Visual Studio Version 17
VisualStudioVersion = 17.13.35931.197 d17.13
MinimumVisualStudioVersion = 10.0.40219.1
Project("{8BC9CEB8-8B4A-11D0-8D11-00A0C91BC942}") = "MT3-00-03", "MT3-00-03.vcxproj", "{6ED6A8C2-D85C-44DD-9AEE-670C05E29EBF}"
EndProject
Global
	GlobalSection(SolutionConfigurationPlatforms) = preSolution
		Debug|x64 = Debug|x64
		Release|x64 = Release|x64
	EndGlobalSection
	GlobalSection(ProjectConfigurationPlatforms) = postSolution
		{6ED6A8C2-D85C-44DD-9AEE-670C05E29EBF}.Debug|x64.ActiveCfg = Debug|x64
		{6ED6A8C2-D85C-44DD-9AEE-670C05E29EBF}.Debug|x64.Build.0 = Debug|x64
		{6ED6A8C2-D85C-44DD-9AEE-670C05E29EBF}.Release|x64.ActiveCfg = Release|x64
		{6ED6A8C2-D85C-44DD-9AEE-670C05E29EBF}.Release|x64.Build.0 = Release|x64
	EndGlobalSection
	GlobalSection(SolutionProperties) = preSolution
		HideSolutionNode = FALSE
	EndGlobalSection
	GlobalSection(ExtensibilityGlobals) = postSolution
		SolutionGuid = {D208254D-69BD-4341-A5CD-C8371071FE6B}
	EndGlobalSection
EndGlobal
